
Microsoft Visual Studio Solution File, Format Version 12.00
# Visual Studio 2013
VisualStudioVersion = 12.0.31101.0
MinimumVisualStudioVersion = 10.0.40219.1
Project("{FAE04EC0-301F-11D3-BF4B-00C04F79EFBC}") = "SimpleCalculator", "SimpleCalculator\SimpleCalculator.csproj", "{332CEAF0-F48E-498B-BEEF-A91C0A384C7D}"
EndProject
Project("{FAE04EC0-301F-11D3-BF4B-00C04F79EFBC}") = "CalculatorClass", "CalculatorClass\CalculatorClass.csproj", "{650A586E-0C39-474D-B50B-349332B2BDB9}"
EndProject
Project("{FAE04EC0-301F-11D3-BF4B-00C04F79EFBC}") = "CalculatorTests", "CalculatorTests\CalculatorTests.csproj", "{EE52E776-6036-4E4B-B3F3-A4853A575D0E}"
EndProject
Global
	GlobalSection(SolutionConfigurationPlatforms) = preSolution
		Debug|Any CPU = Debug|Any CPU
		Release|Any CPU = Release|Any CPU
	EndGlobalSection
	GlobalSection(ProjectConfigurationPlatforms) = postSolution
		{332CEAF0-F48E-498B-BEEF-A91C0A384C7D}.Debug|Any CPU.ActiveCfg = Debug|Any CPU
		{332CEAF0-F48E-498B-BEEF-A91C0A384C7D}.Debug|Any CPU.Build.0 = Debug|Any CPU
		{332CEAF0-F48E-498B-BEEF-A91C0A384C7D}.Release|Any CPU.ActiveCfg = Release|Any CPU
		{332CEAF0-F48E-498B-BEEF-A91C0A384C7D}.Release|Any CPU.Build.0 = Release|Any CPU
		{650A586E-0C39-474D-B50B-349332B2BDB9}.Debug|Any CPU.ActiveCfg = Debug|Any CPU
		{650A586E-0C39-474D-B50B-349332B2BDB9}.Debug|Any CPU.Build.0 = Debug|Any CPU
		{650A586E-0C39-474D-B50B-349332B2BDB9}.Release|Any CPU.ActiveCfg = Release|Any CPU
		{650A586E-0C39-474D-B50B-349332B2BDB9}.Release|Any CPU.Build.0 = Release|Any CPU
		{EE52E776-6036-4E4B-B3F3-A4853A575D0E}.Debug|Any CPU.ActiveCfg = Debug|Any CPU
		{EE52E776-6036-4E4B-B3F3-A4853A575D0E}.Debug|Any CPU.Build.0 = Debug|Any CPU
		{EE52E776-6036-4E4B-B3F3-A4853A575D0E}.Release|Any CPU.ActiveCfg = Release|Any CPU
		{EE52E776-6036-4E4B-B3F3-A4853A575D0E}.Release|Any CPU.Build.0 = Release|Any CPU
	EndGlobalSection
	GlobalSection(SolutionProperties) = preSolution
		HideSolutionNode = FALSE
	EndGlobalSection
EndGlobal
